<?xml version="1.0" encoding="utf-8"?>
<Project ToolsVersion="4.0" xmlns="http://schemas.microsoft.com/developer/msbuild/2003">
  <ItemGroup>
    <Filter Include="Source Files">
      <UniqueIdentifier>{4FC737F1-C7A5-4376-A066-2A32D752A2FF}</UniqueIdentifier>
      <Extensions>cpp;c;cc;cxx;def;odl;idl;hpj;bat;asm;asmx</Extensions>
    </Filter>
    <Filter Include="Header Files">
      <UniqueIdentifier>{93995380-89BD-4b04-88EB-625FBE52EBFB}</UniqueIdentifier>
      <Extensions>h;hh;hpp;hxx;hm;inl;inc;xsd</Extensions>
    </Filter>
    <Filter Include="Resource Files">
      <UniqueIdentifier>{67DA6AB6-F800-4c08-8B7A-83BB121AAD01}</UniqueIdentifier>
      <Extensions>rc;ico;cur;bmp;dlg;rc2;rct;bin;rgs;gif;jpg;jpeg;jpe;resx;tiff;tif;png;wav;mfcribbon-ms</Extensions>
    </Filter>
    <Filter Include="Resource Files\shaders">
      <UniqueIdentifier>{4988be54-bf44-429a-8158-784b5c40273e}</UniqueIdentifier>
    </Filter>
  </ItemGroup>
  <ItemGroup>
    <ClCompile Include="src\Camera.cpp">
      <Filter>Source Files</Filter>
    </ClCompile>
    <ClCompile Include="src\CoordGrid.cpp">
      <Filter>Source Files</Filter>
    </ClCompile>
    <ClCompile Include="src\main.cpp">
      <Filter>Source Files</Filter>
    </ClCompile>
    <ClCompile Include="src\Mesh.cpp">
      <Filter>Source Files</Filter>
    </ClCompile>
    <ClCompile Include="src\Model.cpp">
      <Filter>Source Files</Filter>
    </ClCompile>
    <ClCompile Include="src\ModelViewProjectionShader.cpp">
      <Filter>Source Files</Filter>
    </ClCompile>
    <ClCompile Include="src\RigidSphere.cpp">
      <Filter>Source Files</Filter>
    </ClCompile>
    <ClCompile Include="src\Shader.cpp">
      <Filter>Source Files</Filter>
    </ClCompile>
  </ItemGroup>
  <ItemGroup>
    <ClInclude Include="include\BendingConstraint.h">
      <Filter>Header Files</Filter>
    </ClInclude>
    <ClInclude Include="include\Camera.h">
      <Filter>Header Files</Filter>
    </ClInclude>
    <ClInclude Include="include\CollisionConstraint.h">
      <Filter>Header Files</Filter>
    </ClInclude>
    <ClInclude Include="include\Constraint.h">
      <Filter>Header Files</Filter>
    </ClInclude>
    <ClInclude Include="include\CoordGrid.h">
      <Filter>Header Files</Filter>
    </ClInclude>
    <ClInclude Include="include\DistanceConstraint.h">
      <Filter>Header Files</Filter>
    </ClInclude>
    <ClInclude Include="include\FFMPEGRecorder.h">
      <Filter>Header Files</Filter>
    </ClInclude>
    <ClInclude Include="include\Mesh.h">
      <Filter>Header Files</Filter>
    </ClInclude>
    <ClInclude Include="include\Model.h">
      <Filter>Header Files</Filter>
    </ClInclude>
    <ClInclude Include="include\ModelViewProjectionShader.h">
      <Filter>Header Files</Filter>
    </ClInclude>
    <ClInclude Include="include\RigidSphere.h">
      <Filter>Header Files</Filter>
    </ClInclude>
    <ClInclude Include="include\Shader.h">
      <Filter>Header Files</Filter>
    </ClInclude>
    <ClInclude Include="include\TwVars.h">
      <Filter>Header Files</Filter>
    </ClInclude>
  </ItemGroup>
  <ItemGroup>
    <None Include="resource\shaders\ball.frag">
      <Filter>Resource Files\shaders</Filter>
    </None>
    <None Include="resource\shaders\ball.vert">
      <Filter>Resource Files\shaders</Filter>
    </None>
    <None Include="resource\shaders\grid.frag">
      <Filter>Resource Files\shaders</Filter>
    </None>
    <None Include="resource\shaders\grid.vert">
      <Filter>Resource Files\shaders</Filter>
    </None>
    <None Include="resource\shaders\simple.frag">
      <Filter>Resource Files\shaders</Filter>
    </None>
    <None Include="resource\shaders\simple.vert">
      <Filter>Resource Files\shaders</Filter>
    </None>
    <None Include="resource\shaders\skinning.frag">
      <Filter>Resource Files\shaders</Filter>
    </None>
    <None Include="resource\shaders\skinning.vert">
      <Filter>Resource Files\shaders</Filter>
    </None>
  </ItemGroup>
</Project>